
Microsoft Visual Studio Solution File, Format Version 12.00
# Visual Studio 15
VisualStudioVersion = 15.0.27428.2005
MinimumVisualStudioVersion = 10.0.40219.1
Project("{9A19103F-16F7-4668-BE54-9A1E7A4F7556}") = "Kirkit.Score.FunctionApp", "Kirkit.Score.FunctionApp\Kirkit.Score.FunctionApp.csproj", "{2A54A359-F442-4F6F-B328-5F3366FA4966}"
EndProject
Project("{9A19103F-16F7-4668-BE54-9A1E7A4F7556}") = "Kirkit.Score.Common", "Kirkit.Score.Common\Kirkit.Score.Common.csproj", "{AAB4BB81-5076-4377-9B23-A64208B31D18}"
EndProject
Project("{9A19103F-16F7-4668-BE54-9A1E7A4F7556}") = "Kirkit.Score.Data", "Kirkit.Score.Data\Kirkit.Score.Data.csproj", "{9358E22F-7096-4827-BADA-98CC93359CB0}"
EndProject
Project("{9A19103F-16F7-4668-BE54-9A1E7A4F7556}") = "Kirkit.Score.Logic", "Kirkit.Score.Logic\Kirkit.Score.Logic.csproj", "{C6E7FEE1-FB1E-40FA-8803-3D1365C06D2B}"
EndProject
Project("{FAE04EC0-301F-11D3-BF4B-00C04F79EFBC}") = "Kirkit.Score.Test", "Kirkit.Score.Test\Kirkit.Score.Test.csproj", "{C0A8141F-11E4-42FA-AE88-6AE4C3622BF4}"
EndProject
Global
	GlobalSection(SolutionConfigurationPlatforms) = preSolution
		Debug|Any CPU = Debug|Any CPU
		Release|Any CPU = Release|Any CPU
	EndGlobalSection
	GlobalSection(ProjectConfigurationPlatforms) = postSolution
		{2A54A359-F442-4F6F-B328-5F3366FA4966}.Debug|Any CPU.ActiveCfg = Debug|Any CPU
		{2A54A359-F442-4F6F-B328-5F3366FA4966}.Debug|Any CPU.Build.0 = Debug|Any CPU
		{2A54A359-F442-4F6F-B328-5F3366FA4966}.Release|Any CPU.ActiveCfg = Release|Any CPU
		{2A54A359-F442-4F6F-B328-5F3366FA4966}.Release|Any CPU.Build.0 = Release|Any CPU
		{AAB4BB81-5076-4377-9B23-A64208B31D18}.Debug|Any CPU.ActiveCfg = Debug|Any CPU
		{AAB4BB81-5076-4377-9B23-A64208B31D18}.Debug|Any CPU.Build.0 = Debug|Any CPU
		{AAB4BB81-5076-4377-9B23-A64208B31D18}.Release|Any CPU.ActiveCfg = Release|Any CPU
		{AAB4BB81-5076-4377-9B23-A64208B31D18}.Release|Any CPU.Build.0 = Release|Any CPU
		{9358E22F-7096-4827-BADA-98CC93359CB0}.Debug|Any CPU.ActiveCfg = Debug|Any CPU
		{9358E22F-7096-4827-BADA-98CC93359CB0}.Debug|Any CPU.Build.0 = Debug|Any CPU
		{9358E22F-7096-4827-BADA-98CC93359CB0}.Release|Any CPU.ActiveCfg = Release|Any CPU
		{9358E22F-7096-4827-BADA-98CC93359CB0}.Release|Any CPU.Build.0 = Release|Any CPU
		{C6E7FEE1-FB1E-40FA-8803-3D1365C06D2B}.Debug|Any CPU.ActiveCfg = Debug|Any CPU
		{C6E7FEE1-FB1E-40FA-8803-3D1365C06D2B}.Debug|Any CPU.Build.0 = Debug|Any CPU
		{C6E7FEE1-FB1E-40FA-8803-3D1365C06D2B}.Release|Any CPU.ActiveCfg = Release|Any CPU
		{C6E7FEE1-FB1E-40FA-8803-3D1365C06D2B}.Release|Any CPU.Build.0 = Release|Any CPU
		{C0A8141F-11E4-42FA-AE88-6AE4C3622BF4}.Debug|Any CPU.ActiveCfg = Debug|Any CPU
		{C0A8141F-11E4-42FA-AE88-6AE4C3622BF4}.Debug|Any CPU.Build.0 = Debug|Any CPU
		{C0A8141F-11E4-42FA-AE88-6AE4C3622BF4}.Release|Any CPU.ActiveCfg = Release|Any CPU
		{C0A8141F-11E4-42FA-AE88-6AE4C3622BF4}.Release|Any CPU.Build.0 = Release|Any CPU
	EndGlobalSection
	GlobalSection(SolutionProperties) = preSolution
		HideSolutionNode = FALSE
	EndGlobalSection
	GlobalSection(ExtensibilityGlobals) = postSolution
		SolutionGuid = {D0622A20-D268-4601-83DD-4E6089392D2A}
	EndGlobalSection
EndGlobal
